<?xml version="1.0" encoding="utf-8"?>
<Project ToolsVersion="4.0" xmlns="http://schemas.microsoft.com/developer/msbuild/2003">
  <ItemGroup>
    <ClCompile Include="Source\main.cpp">
      <Filter>Source</Filter>
    </ClCompile>
    <ClCompile Include="Source\imgui\imgui.cpp">
      <Filter>Source\imgui</Filter>
    </ClCompile>
    <ClCompile Include="Source\imgui\imgui_demo.cpp">
      <Filter>Source\imgui</Filter>
    </ClCompile>
    <ClCompile Include="Source\imgui\imgui_draw.cpp">
      <Filter>Source\imgui</Filter>
    </ClCompile>
    <ClCompile Include="Source\imgui\imgui_tables.cpp">
      <Filter>Source\imgui</Filter>
    </ClCompile>
    <ClCompile Include="Source\imgui\imgui_widgets.cpp">
      <Filter>Source\imgui</Filter>
    </ClCompile>
    <ClCompile Include="Source\backends\imgui_impl_glfw.cpp">
      <Filter>Source\backends</Filter>
    </ClCompile>
    <ClCompile Include="Source\backends\imgui_impl_opengl3.cpp">
      <Filter>Source\backends</Filter>
    </ClCompile>
  </ItemGroup>
  <ItemGroup>
    <ClInclude Include="Source\imgui\imconfig.h">
      <Filter>Source\imgui</Filter>
    </ClInclude>
    <ClInclude Include="Source\imgui\imgui.h">
      <Filter>Source\imgui</Filter>
    </ClInclude>
    <ClInclude Include="Source\imgui\imgui_internal.h">
      <Filter>Source\imgui</Filter>
    </ClInclude>
    <ClInclude Include="Source\backends\imgui_impl_glfw.h">
      <Filter>Source\backends</Filter>
    </ClInclude>
    <ClInclude Include="Source\backends\imgui_impl_opengl3.h">
      <Filter>Source\backends</Filter>
    </ClInclude>
    <ClInclude Include="Source\backends\imgui_impl_opengl3_loader.h">
      <Filter>Source\backends</Filter>
    </ClInclude>
  </ItemGroup>
  <ItemGroup>
    <None Include="..\README.txt" />
    <None Include="..\..\misc\debuggers\imgui.natstepfilter">
      <Filter>Source\imgui</Filter>
    </None>
    <None Include="..\..\misc\debuggers\imgui.natvis">
      <Filter>Source\imgui</Filter>
    </None>
  </ItemGroup>
  <ItemGroup>
    <Filter Include="Source">
      <UniqueIdentifier>{09689aae-3355-42bb-b0b5-f35c62d9b008}</UniqueIdentifier>
    </Filter>
    <Filter Include="Source\imgui">
      <UniqueIdentifier>{43ecb814-8bf1-423d-80fc-489c2533a9c9}</UniqueIdentifier>
    </Filter>
    <Filter Include="Source\backends">
      <UniqueIdentifier>{48a9024d-ab56-4017-adbb-6f906169b080}</UniqueIdentifier>
    </Filter>
  </ItemGroup>
</Project>